{
  "name": "soniox_examples_nodejs",
  "version": "1.0.0",
  "lockfileVersion": 3,
  "requires": true,
  "packages": {
    "": {
      "name": "soniox_examples_nodejs",
      "version": "1.0.0",
      "dependencies": {
        "@soniox/node": "^2.0.0"
      }
    },
    "node_modules/@soniox/node": {
      "version": "2.0.0",
      "resolved": "https://registry.npmjs.org/@soniox/node/-/node-2.0.0.tgz",
      "integrity": "sha512-yKuJN/8TdYmpLacAWqqNCS99nsA1EPRkm0DMYV6FbaSKGOFIEpU3eTWiYqApZh4lT1n6DoBPdDxVAFI7qzqIMA==",
      "license": "MIT"
    }
  }
}
