{
  "name": "soniox_examples_nodejs",
  "version": "1.0.0",
  "lockfileVersion": 3,
  "requires": true,
  "packages": {
    "": {
      "name": "soniox_examples_nodejs",
      "version": "1.0.0",
      "dependencies": {
        "@soniox/node": "^1.0.0"
      }
    },
    "node_modules/@soniox/node": {
      "version": "1.0.0",
      "resolved": "https://registry.npmjs.org/@soniox/node/-/node-1.0.0.tgz",
      "integrity": "sha512-dLJX07y9YmnZ8cRcTW3PUhcKvXSWtdjem0UTDLWOldQHrrh5tnr0gMft0ZisOGeTTTPXxxH0+A/GIct3pS+xkg==",
      "license": "MIT"
    }
  }
}
